github.com/apache/thrift v0.12.0 h1:pODnxUFNcjP9UTLZGTdeh+j16A8lJbRvD3rOtrk/7bs=
github.com/apache/thrift v0.12.0/go.mod h1:cp2SuWMxlEZw2r+iP2GNCdIi4C1qmUzdZFSVb+bacwQ=
github.com/spacemonkeygo/errors v0.0.0-20171212215202-9064522e9fd1 h1:xHQewZjohU9/wUsyC99navCjQDNHtTgUOM/J1jAbzfw=
github.com/spacemonkeygo/errors v0.0.0-20171212215202-9064522e9fd1/go.mod h1:7NL9UAYQnRM5iKHUCld3tf02fKb5Dft+41+VckASUy0=
github.com/spacemonkeygo/monotime v0.0.0-20180824235756-e3f48a95f98a h1:8+cCjxhToanKmxLIbuyBNe2EnpgwhiivsIaRJstDRFA=
github.com/spacemonkeygo/monotime v0.0.0-20180824235756-e3f48a95f98a/go.mod h1:ul4bvvnCOPZgq8w0nTkSmWVg/hauVpFS97Am1YM1XXo=
gopkg.in/spacemonkeygo/monkit.v2 v2.0.0-20180827161543-6ebf5a752f9b h1:zkhw+LuPvld5/ZwIlpYzd4DX/r0KxTvhEpo+2lcrp9k=
gopkg.in/spacemonkeygo/monkit.v2 v2.0.0-20180827161543-6ebf5a752f9b/go.mod h1:6UQdi0rNB4YDNwVYP8fJNmjLNaU8MA84WCdXStx3Spo=
